
Microsoft Visual Studio Solution File, Format Version 12.00
# Visual Studio Version 16
VisualStudioVersion = 16.0.29424.173
MinimumVisualStudioVersion = 10.0.40219.1
Project("{00D1A9C2-B5F0-4AF3-8072-F6C62B433612}") = "Aide.Core", "Aide.Core\Aide.Core.sqlproj", "{5F073996-0F2F-4E63-B47D-1DB63F7296E4}"
EndProject
Project("{9A19103F-16F7-4668-BE54-9A1E7A4F7556}") = "Aide.Api", "Aide.Api\Aide.Api.csproj", "{E88ABFFC-68B9-4A9C-AF81-6B77061339F0}"
EndProject
Project("{9A19103F-16F7-4668-BE54-9A1E7A4F7556}") = "Aide.Web", "Aide.Web\Aide.Web.csproj", "{061095AD-9B77-4997-B28D-59A0F6555B98}"
EndProject
Project("{9A19103F-16F7-4668-BE54-9A1E7A4F7556}") = "ProjetInternetQuizer", "Aide.Client\ProjetInternetQuizer.csproj", "{FF828E42-765D-4498-8F6C-58658C9B3933}"
EndProject
Global
	GlobalSection(SolutionConfigurationPlatforms) = preSolution
		Debug|Any CPU = Debug|Any CPU
		Release|Any CPU = Release|Any CPU
	EndGlobalSection
	GlobalSection(ProjectConfigurationPlatforms) = postSolution
		{5F073996-0F2F-4E63-B47D-1DB63F7296E4}.Debug|Any CPU.ActiveCfg = Debug|Any CPU
		{5F073996-0F2F-4E63-B47D-1DB63F7296E4}.Debug|Any CPU.Build.0 = Debug|Any CPU
		{5F073996-0F2F-4E63-B47D-1DB63F7296E4}.Debug|Any CPU.Deploy.0 = Debug|Any CPU
		{5F073996-0F2F-4E63-B47D-1DB63F7296E4}.Release|Any CPU.ActiveCfg = Release|Any CPU
		{5F073996-0F2F-4E63-B47D-1DB63F7296E4}.Release|Any CPU.Build.0 = Release|Any CPU
		{5F073996-0F2F-4E63-B47D-1DB63F7296E4}.Release|Any CPU.Deploy.0 = Release|Any CPU
		{E88ABFFC-68B9-4A9C-AF81-6B77061339F0}.Debug|Any CPU.ActiveCfg = Debug|Any CPU
		{E88ABFFC-68B9-4A9C-AF81-6B77061339F0}.Debug|Any CPU.Build.0 = Debug|Any CPU
		{E88ABFFC-68B9-4A9C-AF81-6B77061339F0}.Release|Any CPU.ActiveCfg = Release|Any CPU
		{E88ABFFC-68B9-4A9C-AF81-6B77061339F0}.Release|Any CPU.Build.0 = Release|Any CPU
		{061095AD-9B77-4997-B28D-59A0F6555B98}.Debug|Any CPU.ActiveCfg = Debug|Any CPU
		{061095AD-9B77-4997-B28D-59A0F6555B98}.Debug|Any CPU.Build.0 = Debug|Any CPU
		{061095AD-9B77-4997-B28D-59A0F6555B98}.Release|Any CPU.ActiveCfg = Release|Any CPU
		{061095AD-9B77-4997-B28D-59A0F6555B98}.Release|Any CPU.Build.0 = Release|Any CPU
		{FF828E42-765D-4498-8F6C-58658C9B3933}.Debug|Any CPU.ActiveCfg = Debug|Any CPU
		{FF828E42-765D-4498-8F6C-58658C9B3933}.Debug|Any CPU.Build.0 = Debug|Any CPU
		{FF828E42-765D-4498-8F6C-58658C9B3933}.Release|Any CPU.ActiveCfg = Release|Any CPU
		{FF828E42-765D-4498-8F6C-58658C9B3933}.Release|Any CPU.Build.0 = Release|Any CPU
	EndGlobalSection
	GlobalSection(SolutionProperties) = preSolution
		HideSolutionNode = FALSE
	EndGlobalSection
	GlobalSection(ExtensibilityGlobals) = postSolution
		SolutionGuid = {6FC57DA0-BE8E-4650-BCD2-BD500BB4534D}
	EndGlobalSection
EndGlobal
